{
  "version": "5",
  "specifiers": {
    "jsr:@core/match@0.3": "0.3.1",
    "jsr:@core/unknownutil@3.18.0": "3.18.0",
    "jsr:@core/unknownutil@4": "4.3.0",
    "jsr:@hono/hono@^4.4.0": "4.7.4",
    "jsr:@std/assert@1.0.11": "1.0.11",
    "jsr:@std/assert@1.0.12": "1.0.12",
    "jsr:@std/internal@^1.0.5": "1.0.6",
    "jsr:@std/internal@^1.0.6": "1.0.6",
    "npm:@types/node@*": "22.14.1",
    "npm:get-port-please@^3.1.2": "3.1.2",
    "npm:gunshi@~0.23.1": "0.23.1",
    "npm:terminal-link@4": "4.0.0",
    "npm:ts-toolbelt@9.6.0": "9.6.0",
    "npm:ufo@^1.5.3": "1.5.4",
    "npm:untun@~0.1.3": "0.1.3",
    "npm:yoctocolors@^2.1.1": "2.1.1"
  },
  "jsr": {
    "@core/match@0.3.1": {
      "integrity": "020bb0199f56877daf270a457bfeee19daa8c721819d36dc987c2a9df7cca4fd",
      "dependencies": [
        "jsr:@core/unknownutil@3.18.0",
        "npm:ts-toolbelt"
      ]
    },
    "@core/unknownutil@3.18.0": {
      "integrity": "bff7ab4a2f554bbade301127519523b0d3baa4273ecbed51287133ac00a48738"
    },
    "@core/unknownutil@4.3.0": {
      "integrity": "538a3687ffa81028e91d148818047df219663d0da671d906cecd165581ae55cc"
    },
    "@hono/hono@4.7.4": {
      "integrity": "c03c9cbe0fbfc4e51f3fee6502a7903aa4f9ef7c2c98635607b15eee14258825"
    },
    "@std/assert@1.0.11": {
      "integrity": "2461ef3c368fe88bc60e186e7744a93112f16fd110022e113a0849e94d1c83c1",
      "dependencies": [
        "jsr:@std/internal@^1.0.5"
      ]
    },
    "@std/assert@1.0.12": {
      "integrity": "08009f0926dda9cbd8bef3a35d3b6a4b964b0ab5c3e140a4e0351fbf34af5b9a",
      "dependencies": [
        "jsr:@std/internal@^1.0.6"
      ]
    },
    "@std/internal@1.0.6": {
      "integrity": "9533b128f230f73bd209408bb07a4b12f8d4255ab2a4d22a1fd6d87304aca9a4"
    }
  },
  "npm": {
    "@types/node@22.14.1": {
      "integrity": "sha512-u0HuPQwe/dHrItgHHpmw3N2fYCR6x4ivMNbPHRkBVP4CvN+kiRrKHWk3i8tXiO/joPwXLMYvF9TTF0eqgHIuOw==",
      "dependencies": [
        "undici-types"
      ]
    },
    "ansi-escapes@7.0.0": {
      "integrity": "sha512-GdYO7a61mR0fOlAsvC9/rIHf7L96sBc6dEWzeOu+KAea5bZyQRPIpojrVoI4AXGJS/ycu/fBTdLrUkA4ODrvjw==",
      "dependencies": [
        "environment"
      ]
    },
    "args-tokens@0.17.1": {
      "integrity": "sha512-kWceoEa1zXbcBvgy+BT1ddTLyB7B51u32EhOK/ZMY324nxmQAm767HD+g+9avBEPVmoDjWIYLvsSCQqtbcph/g=="
    },
    "citty@0.1.6": {
      "integrity": "sha512-tskPPKEs8D2KPafUypv2gxwJP8h/OaJmC82QQGGDQcHvXX43xF2VDACcJVmZ0EuSxkpO9Kc4MlrA3q0+FG58AQ==",
      "dependencies": [
        "consola"
      ]
    },
    "consola@3.4.2": {
      "integrity": "sha512-5IKcdX0nnYavi6G7TtOhwkYzyjfJlatbjMjuLSfE2kYT5pMDOilZ4OvMhi637CcDICTmz3wARPoyhqyX1Y+XvA=="
    },
    "environment@1.1.0": {
      "integrity": "sha512-xUtoPkMggbz0MPyPiIWr1Kp4aeWJjDZ6SMvURhimjdZgsRuDplF5/s9hcgGhyXMhs+6vpnuoiZ2kFiu3FMnS8Q=="
    },
    "get-port-please@3.1.2": {
      "integrity": "sha512-Gxc29eLs1fbn6LQ4jSU4vXjlwyZhF5HsGuMAa7gqBP4Rw4yxxltyDUuF5MBclFzDTXO+ACchGQoeela4DSfzdQ=="
    },
    "gunshi@0.23.1": {
      "integrity": "sha512-tl4qKJRgr0w5WkAj8jEew9+K7LK58qrFGdNS1GalSVYcnpauWoi/sCq0Kb1JiQLHXB4j62R0erza0BQyw2yO6w==",
      "dependencies": [
        "args-tokens"
      ]
    },
    "has-flag@4.0.0": {
      "integrity": "sha512-EykJT/Q1KjTWctppgIAgfSO0tKVuZUjhgMr17kqTumMl6Afv3EISleU7qZUzoXDFTAHTDC4NOoG/ZxU3EvlMPQ=="
    },
    "pathe@1.1.2": {
      "integrity": "sha512-whLdWMYL2TwI08hn8/ZqAbrVemu0LNaNNJZX73O6qaIdCTfXutsLhMkjdENX0qhsQ9uIimo4/aQOmXkoon2nDQ=="
    },
    "supports-color@7.2.0": {
      "integrity": "sha512-qpCAvRl9stuOHveKsn7HncJRvv501qIacKzQlO/+Lwxc9+0q2wLyv4Dfvt80/DPn2pqOBsJdDiogXGR9+OvwRw==",
      "dependencies": [
        "has-flag"
      ]
    },
    "supports-hyperlinks@3.2.0": {
      "integrity": "sha512-zFObLMyZeEwzAoKCyu1B91U79K2t7ApXuQfo8OuxwXLDgcKxuwM+YvcbIhm6QWqz7mHUH1TVytR1PwVVjEuMig==",
      "dependencies": [
        "has-flag",
        "supports-color"
      ]
    },
    "terminal-link@4.0.0": {
      "integrity": "sha512-lk+vH+MccxNqgVqSnkMVKx4VLJfnLjDBGzH16JVZjKE2DoxP57s6/vt6JmXV5I3jBcfGrxNrYtC+mPtU7WJztA==",
      "dependencies": [
        "ansi-escapes",
        "supports-hyperlinks"
      ]
    },
    "ts-toolbelt@9.6.0": {
      "integrity": "sha512-nsZd8ZeNUzukXPlJmTBwUAuABDe/9qtVDelJeT/qW0ow3ZS3BsQJtNkan1802aM9Uf68/Y8ljw86Hu0h5IUW3w=="
    },
    "ufo@1.5.4": {
      "integrity": "sha512-UsUk3byDzKd04EyoZ7U4DOlxQaD14JUKQl6/P7wiX4FNvUfm3XL246n9W5AmqwW5RSFJ27NAuM0iLscAOYUiGQ=="
    },
    "undici-types@6.21.0": {
      "integrity": "sha512-iwDZqg0QAGrg9Rav5H4n0M64c3mkR59cJ6wQp+7C4nI0gsmExaedaYLNO44eT4AtBBwjbTiGPMlt2Md0T9H9JQ=="
    },
    "untun@0.1.3": {
      "integrity": "sha512-4luGP9LMYszMRZwsvyUd9MrxgEGZdZuZgpVQHEEX0lCYFESasVRvZd0EYpCkOIbJKHMuv0LskpXc/8Un+MJzEQ==",
      "dependencies": [
        "citty",
        "consola",
        "pathe"
      ],
      "bin": true
    },
    "yoctocolors@2.1.1": {
      "integrity": "sha512-GQHQqAopRhwU8Kt1DDM8NjibDXHC8eoh1erhGAJPEyveY9qqVeXvVikNKrDz69sHowPMorbPUrH/mx8c50eiBQ=="
    }
  },
  "workspace": {
    "dependencies": [
      "jsr:@core/match@0.3",
      "jsr:@core/unknownutil@4",
      "jsr:@hono/hono@^4.4.0",
      "npm:get-port-please@^3.1.2",
      "npm:gunshi@~0.23.1",
      "npm:terminal-link@4",
      "npm:ufo@^1.5.3",
      "npm:untun@~0.1.3",
      "npm:yoctocolors@^2.1.1"
    ]
  }
}
